{
  "name": "monster_ar_tshirt",
  "version": "1.0.0",
  "lockfileVersion": 3,
  "requires": true,
  "packages": {
    "": {
      "name": "monster_ar_tshirt",
      "version": "1.0.0",
      "license": "ISC",
      "devDependencies": {
        "@gltf-transform/core": "^4.1.0",
        "@gltf-transform/extensions": "^4.1.0",
        "meshoptimizer": "^0.21.0"
      }
    },
    "node_modules/@gltf-transform/core": {
      "version": "4.1.0",
      "resolved": "https://registry.npmjs.org/@gltf-transform/core/-/core-4.1.0.tgz",
      "integrity": "sha512-2eWQY+dObdyqm+KuNriLpttbYq5etM8nRmpxIYwZo/5Hmm6l5CuMj0AczTRq7DfhUsLQFZlPT22CjQRCvkc+aA==",
      "dev": true,
      "license": "MIT",
      "dependencies": {
        "property-graph": "^3.0.0"
      },
      "funding": {
        "url": "https://github.com/sponsors/donmccurdy"
      }
    },
    "node_modules/@gltf-transform/extensions": {
      "version": "4.1.0",
      "resolved": "https://registry.npmjs.org/@gltf-transform/extensions/-/extensions-4.1.0.tgz",
      "integrity": "sha512-jxOksuOfk9XcIr2cb0FyHOA9rU79m3ykHce7xfK2lbUv701L4Z71TJO0ZbakIrnbtOFXTgG3a11UCT74vVtngA==",
      "dev": true,
      "license": "MIT",
      "dependencies": {
        "@gltf-transform/core": "^4.1.0",
        "ktx-parse": "^0.7.1"
      },
      "funding": {
        "url": "https://github.com/sponsors/donmccurdy"
      }
    },
    "node_modules/ktx-parse": {
      "version": "0.7.1",
      "resolved": "https://registry.npmjs.org/ktx-parse/-/ktx-parse-0.7.1.tgz",
      "integrity": "sha512-FeA3g56ksdFNwjXJJsc1CCc7co+AJYDp6ipIp878zZ2bU8kWROatLYf39TQEd4/XRSUvBXovQ8gaVKWPXsCLEQ==",
      "dev": true,
      "license": "MIT"
    },
    "node_modules/meshoptimizer": {
      "version": "0.21.0",
      "resolved": "https://registry.npmjs.org/meshoptimizer/-/meshoptimizer-0.21.0.tgz",
      "integrity": "sha512-WabtlpnK/GgD0GMwYd1fBTfYHf4MIcQPEg6dt7y4GuDcY51RzLSkSNE8ZogD7U3Vs2/fIf4z89TOLpA80EOnhg==",
      "dev": true,
      "license": "MIT"
    },
    "node_modules/property-graph": {
      "version": "3.0.0",
      "resolved": "https://registry.npmjs.org/property-graph/-/property-graph-3.0.0.tgz",
      "integrity": "sha512-TnzxUsttmGtw+OiU0LDw+0FlMbJ8vV8pOjyDI7+Kdni4Tj0hW5BFh7TatQu7Y68hcvvFmiFOHilKShsA4R82fA==",
      "dev": true,
      "license": "MIT"
    }
  }
}
